
Microsoft Visual Studio Solution File, Format Version 12.00
# Visual Studio Version 17
VisualStudioVersion = 17.5.002.0
MinimumVisualStudioVersion = 10.0.40219.1
Project("{9A19103F-16F7-4668-BE54-9A1E7A4F7556}") = "SDP_libary_management_system", "SDP_libary_management_system.csproj", "{7B5E790A-39D1-4894-9402-E235AFF9810E}"
EndProject
Global
	GlobalSection(SolutionConfigurationPlatforms) = preSolution
		Debug|Any CPU = Debug|Any CPU
		Release|Any CPU = Release|Any CPU
	EndGlobalSection
	GlobalSection(ProjectConfigurationPlatforms) = postSolution
		{7B5E790A-39D1-4894-9402-E235AFF9810E}.Debug|Any CPU.ActiveCfg = Debug|Any CPU
		{7B5E790A-39D1-4894-9402-E235AFF9810E}.Debug|Any CPU.Build.0 = Debug|Any CPU
		{7B5E790A-39D1-4894-9402-E235AFF9810E}.Release|Any CPU.ActiveCfg = Release|Any CPU
		{7B5E790A-39D1-4894-9402-E235AFF9810E}.Release|Any CPU.Build.0 = Release|Any CPU
	EndGlobalSection
	GlobalSection(SolutionProperties) = preSolution
		HideSolutionNode = FALSE
	EndGlobalSection
	GlobalSection(ExtensibilityGlobals) = postSolution
		SolutionGuid = {43873A08-669E-415C-B4FD-81E427FD95F7}
	EndGlobalSection
EndGlobal
